// !$*UTF8*$!
{
	archiveVersion = 1;
	classes = {
	};
	objectVersion = 51;
	objects = {

/* Begin PBXBuildFile section */
		5048E20D6599C5068D8C349E /* Pods_HeadCountUser.framework in Frameworks */ = {isa = PBXBuildFile; fileRef = 60BD630C457F292934D6DD52 /* Pods_HeadCountUser.framework */; };
		8606411923DDF1D300F04ACD /* Assets.xcassets in Resources */ = {isa = PBXBuildFile; fileRef = 8606411823DDF1D200F04ACD /* Assets.xcassets */; };
		8606411B23E581D700F04ACD /* user.swift in Sources */ = {isa = PBXBuildFile; fileRef = 8606411A23E581D700F04ACD /* user.swift */; };
		8606411D23E581E500F04ACD /* SignUpViewController.swift in Sources */ = {isa = PBXBuildFile; fileRef = 8606411C23E581E500F04ACD /* SignUpViewController.swift */; };
		8606411F23E583F300F04ACD /* ChirpViewController.swift in Sources */ = {isa = PBXBuildFile; fileRef = 8606411E23E583F300F04ACD /* ChirpViewController.swift */; };
		8606412123E59E1A00F04ACD /* chirpService.swift in Sources */ = {isa = PBXBuildFile; fileRef = 8606412023E59E1A00F04ACD /* chirpService.swift */; };
		8606412323E5C02F00F04ACD /* SomethingWrongViewController.swift in Sources */ = {isa = PBXBuildFile; fileRef = 8606412223E5C02F00F04ACD /* SomethingWrongViewController.swift */; };
		8606412523E5EFA600F04ACD /* MarkAttendanceViewController.swift in Sources */ = {isa = PBXBuildFile; fileRef = 8606412423E5EFA600F04ACD /* MarkAttendanceViewController.swift */; };
		8606412723E6495B00F04ACD /* LoginViewController.swift in Sources */ = {isa = PBXBuildFile; fileRef = 8606412623E6495A00F04ACD /* LoginViewController.swift */; };
		862280ED23C4EE77001028D7 /* AppDelegate.swift in Sources */ = {isa = PBXBuildFile; fileRef = 862280EC23C4EE77001028D7 /* AppDelegate.swift */; };
		862280EF23C4EE77001028D7 /* SceneDelegate.swift in Sources */ = {isa = PBXBuildFile; fileRef = 862280EE23C4EE77001028D7 /* SceneDelegate.swift */; };
		862280F123C4EE77001028D7 /* ViewController.swift in Sources */ = {isa = PBXBuildFile; fileRef = 862280F023C4EE77001028D7 /* ViewController.swift */; };
		862280F423C4EE77001028D7 /* Main.storyboard in Resources */ = {isa = PBXBuildFile; fileRef = 862280F223C4EE77001028D7 /* Main.storyboard */; };
		862280F923C4EE7A001028D7 /* LaunchScreen.storyboard in Resources */ = {isa = PBXBuildFile; fileRef = 862280F723C4EE7A001028D7 /* LaunchScreen.storyboard */; };
		8622810123C4F1B9001028D7 /* Red_Hat_Display in Resources */ = {isa = PBXBuildFile; fileRef = 8622810023C4F1B9001028D7 /* Red_Hat_Display */; };
		8622810523C502D8001028D7 /* GoogleService-Info.plist in Resources */ = {isa = PBXBuildFile; fileRef = 8622810423C502D8001028D7 /* GoogleService-Info.plist */; };
		8622810723C504A3001028D7 /* Models in Resources */ = {isa = PBXBuildFile; fileRef = 8622810623C504A3001028D7 /* Models */; };
		8622810923C504B2001028D7 /* Views in Resources */ = {isa = PBXBuildFile; fileRef = 8622810823C504B2001028D7 /* Views */; };
		8622810B23C504C0001028D7 /* Controllers in Resources */ = {isa = PBXBuildFile; fileRef = 8622810A23C504C0001028D7 /* Controllers */; };
/* End PBXBuildFile section */

/* Begin PBXFileReference section */
		60BD630C457F292934D6DD52 /* Pods_HeadCountUser.framework */ = {isa = PBXFileReference; explicitFileType = wrapper.framework; includeInIndex = 0; path = Pods_HeadCountUser.framework; sourceTree = BUILT_PRODUCTS_DIR; };
		8606411823DDF1D200F04ACD /* Assets.xcassets */ = {isa = PBXFileReference; lastKnownFileType = folder.assetcatalog; path = Assets.xcassets; sourceTree = "<group>"; };
		8606411A23E581D700F04ACD /* user.swift */ = {isa = PBXFileReference; lastKnownFileType = sourcecode.swift; path = user.swift; sourceTree = "<group>"; };
		8606411C23E581E500F04ACD /* SignUpViewController.swift */ = {isa = PBXFileReference; lastKnownFileType = sourcecode.swift; path = SignUpViewController.swift; sourceTree = "<group>"; };
		8606411E23E583F300F04ACD /* ChirpViewController.swift */ = {isa = PBXFileReference; lastKnownFileType = sourcecode.swift; path = ChirpViewController.swift; sourceTree = "<group>"; };
		8606412023E59E1A00F04ACD /* chirpService.swift */ = {isa = PBXFileReference; lastKnownFileType = sourcecode.swift; path = chirpService.swift; sourceTree = "<group>"; };
		8606412223E5C02F00F04ACD /* SomethingWrongViewController.swift */ = {isa = PBXFileReference; lastKnownFileType = sourcecode.swift; path = SomethingWrongViewController.swift; sourceTree = "<group>"; };
		8606412423E5EFA600F04ACD /* MarkAttendanceViewController.swift */ = {isa = PBXFileReference; lastKnownFileType = sourcecode.swift; path = MarkAttendanceViewController.swift; sourceTree = "<group>"; };
		8606412623E6495A00F04ACD /* LoginViewController.swift */ = {isa = PBXFileReference; lastKnownFileType = sourcecode.swift; path = LoginViewController.swift; sourceTree = "<group>"; };
		8606412823E678E300F04ACD /* HeadCountUser-Bridging-Header.h */ = {isa = PBXFileReference; lastKnownFileType = sourcecode.c.h; path = "HeadCountUser-Bridging-Header.h"; sourceTree = "<group>"; };
		862280E923C4EE77001028D7 /* HeadCountUser.app */ = {isa = PBXFileReference; explicitFileType = wrapper.application; includeInIndex = 0; path = HeadCountUser.app; sourceTree = BUILT_PRODUCTS_DIR; };
		862280EC23C4EE77001028D7 /* AppDelegate.swift */ = {isa = PBXFileReference; lastKnownFileType = sourcecode.swift; path = AppDelegate.swift; sourceTree = "<group>"; };
		862280EE23C4EE77001028D7 /* SceneDelegate.swift */ = {isa = PBXFileReference; lastKnownFileType = sourcecode.swift; path = SceneDelegate.swift; sourceTree = "<group>"; };
		862280F023C4EE77001028D7 /* ViewController.swift */ = {isa = PBXFileReference; lastKnownFileType = sourcecode.swift; path = ViewController.swift; sourceTree = "<group>"; };
		862280F323C4EE77001028D7 /* Base */ = {isa = PBXFileReference; lastKnownFileType = file.storyboard; name = Base; path = Base.lproj/Main.storyboard; sourceTree = "<group>"; };
		862280F823C4EE7A001028D7 /* Base */ = {isa = PBXFileReference; lastKnownFileType = file.storyboard; name = Base; path = Base.lproj/LaunchScreen.storyboard; sourceTree = "<group>"; };
		862280FA23C4EE7A001028D7 /* Info.plist */ = {isa = PBXFileReference; lastKnownFileType = text.plist.xml; path = Info.plist; sourceTree = "<group>"; };
		8622810023C4F1B9001028D7 /* Red_Hat_Display */ = {isa = PBXFileReference; lastKnownFileType = folder; path = Red_Hat_Display; sourceTree = "<group>"; };
		8622810423C502D8001028D7 /* GoogleService-Info.plist */ = {isa = PBXFileReference; fileEncoding = 4; lastKnownFileType = text.plist.xml; path = "GoogleService-Info.plist"; sourceTree = "<group>"; };
		8622810623C504A3001028D7 /* Models */ = {isa = PBXFileReference; lastKnownFileType = folder; path = Models; sourceTree = "<group>"; };
		8622810823C504B2001028D7 /* Views */ = {isa = PBXFileReference; lastKnownFileType = folder; path = Views; sourceTree = "<group>"; };
		8622810A23C504C0001028D7 /* Controllers */ = {isa = PBXFileReference; lastKnownFileType = folder; path = Controllers; sourceTree = "<group>"; };
		9D4B33CF7EFAFE1438A340DE /* Pods-HeadCountUser.debug.xcconfig */ = {isa = PBXFileReference; includeInIndex = 1; lastKnownFileType = text.xcconfig; name = "Pods-HeadCountUser.debug.xcconfig"; path = "Target Support Files/Pods-HeadCountUser/Pods-HeadCountUser.debug.xcconfig"; sourceTree = "<group>"; };
		DCD6CAD72D3C0DBC6D896089 /* Pods-HeadCountUser.release.xcconfig */ = {isa = PBXFileReference; includeInIndex = 1; lastKnownFileType = text.xcconfig; name = "Pods-HeadCountUser.release.xcconfig"; path = "Target Support Files/Pods-HeadCountUser/Pods-HeadCountUser.release.xcconfig"; sourceTree = "<group>"; };
/* End PBXFileReference section */

/* Begin PBXFrameworksBuildPhase section */
		862280E623C4EE77001028D7 /* Frameworks */ = {
			isa = PBXFrameworksBuildPhase;
			buildActionMask = 2147483647;
			files = (
				5048E20D6599C5068D8C349E /* Pods_HeadCountUser.framework in Frameworks */,
			);
			runOnlyForDeploymentPostprocessing = 0;
		};
/* End PBXFrameworksBuildPhase section */

/* Begin PBXGroup section */
		745BE1A41C67BCA4E8EA1608 /* Pods */ = {
			isa = PBXGroup;
			children = (
				9D4B33CF7EFAFE1438A340DE /* Pods-HeadCountUser.debug.xcconfig */,
				DCD6CAD72D3C0DBC6D896089 /* Pods-HeadCountUser.release.xcconfig */,
			);
			path = Pods;
			sourceTree = "<group>";
		};
		862280E023C4EE77001028D7 = {
			isa = PBXGroup;
			children = (
				862280EB23C4EE77001028D7 /* HeadCountUser */,
				862280EA23C4EE77001028D7 /* Products */,
				745BE1A41C67BCA4E8EA1608 /* Pods */,
				F291EA74BC50A3D0D435EFA1 /* Frameworks */,
			);
			sourceTree = "<group>";
		};
		862280EA23C4EE77001028D7 /* Products */ = {
			isa = PBXGroup;
			children = (
				862280E923C4EE77001028D7 /* HeadCountUser.app */,
			);
			name = Products;
			sourceTree = "<group>";
		};
		862280EB23C4EE77001028D7 /* HeadCountUser */ = {
			isa = PBXGroup;
			children = (
				8606411A23E581D700F04ACD /* user.swift */,
				8622810623C504A3001028D7 /* Models */,
				862280EC23C4EE77001028D7 /* AppDelegate.swift */,
				8606412223E5C02F00F04ACD /* SomethingWrongViewController.swift */,
				8606412423E5EFA600F04ACD /* MarkAttendanceViewController.swift */,
				8606412023E59E1A00F04ACD /* chirpService.swift */,
				862280EE23C4EE77001028D7 /* SceneDelegate.swift */,
				862280F023C4EE77001028D7 /* ViewController.swift */,
				8606411E23E583F300F04ACD /* ChirpViewController.swift */,
				8606411C23E581E500F04ACD /* SignUpViewController.swift */,
				8622810823C504B2001028D7 /* Views */,
				8622810A23C504C0001028D7 /* Controllers */,
				862280F223C4EE77001028D7 /* Main.storyboard */,
				8606412823E678E300F04ACD /* HeadCountUser-Bridging-Header.h */,
				8606412623E6495A00F04ACD /* LoginViewController.swift */,
				8622810023C4F1B9001028D7 /* Red_Hat_Display */,
				8606411823DDF1D200F04ACD /* Assets.xcassets */,
				862280F723C4EE7A001028D7 /* LaunchScreen.storyboard */,
				862280FA23C4EE7A001028D7 /* Info.plist */,
				8622810423C502D8001028D7 /* GoogleService-Info.plist */,
			);
			path = HeadCountUser;
			sourceTree = "<group>";
		};
		F291EA74BC50A3D0D435EFA1 /* Frameworks */ = {
			isa = PBXGroup;
			children = (
				60BD630C457F292934D6DD52 /* Pods_HeadCountUser.framework */,
			);
			name = Frameworks;
			sourceTree = "<group>";
		};
/* End PBXGroup section */

/* Begin PBXNativeTarget section */
		862280E823C4EE77001028D7 /* HeadCountUser */ = {
			isa = PBXNativeTarget;
			buildConfigurationList = 862280FD23C4EE7A001028D7 /* Build configuration list for PBXNativeTarget "HeadCountUser" */;
			buildPhases = (
				C0FE85BBC0894E3437810110 /* [CP] Check Pods Manifest.lock */,
				862280E523C4EE77001028D7 /* Sources */,
				862280E623C4EE77001028D7 /* Frameworks */,
				862280E723C4EE77001028D7 /* Resources */,
				7FA625B1DAAC682B90622A0A /* [CP] Embed Pods Frameworks */,
				CB202D577D6AEAD37DC47E79 /* [CP] Copy Pods Resources */,
			);
			buildRules = (
			);
			dependencies = (
			);
			name = HeadCountUser;
			productName = HeadCountUser;
			productReference = 862280E923C4EE77001028D7 /* HeadCountUser.app */;
			productType = "com.apple.product-type.application";
		};
/* End PBXNativeTarget section */

/* Begin PBXProject section */
		862280E123C4EE77001028D7 /* Project object */ = {
			isa = PBXProject;
			attributes = {
				LastSwiftUpdateCheck = 1110;
				LastUpgradeCheck = 1110;
				ORGANIZATIONNAME = "Garima Bothra";
				TargetAttributes = {
					862280E823C4EE77001028D7 = {
						CreatedOnToolsVersion = 11.1;
					};
				};
			};
			buildConfigurationList = 862280E423C4EE77001028D7 /* Build configuration list for PBXProject "HeadCountUser" */;
			compatibilityVersion = "Xcode 9.3";
			developmentRegion = en;
			hasScannedForEncodings = 0;
			knownRegions = (
				en,
				Base,
			);
			mainGroup = 862280E023C4EE77001028D7;
			productRefGroup = 862280EA23C4EE77001028D7 /* Products */;
			projectDirPath = "";
			projectRoot = "";
			targets = (
				862280E823C4EE77001028D7 /* HeadCountUser */,
			);
		};
/* End PBXProject section */

/* Begin PBXResourcesBuildPhase section */
		862280E723C4EE77001028D7 /* Resources */ = {
			isa = PBXResourcesBuildPhase;
			buildActionMask = 2147483647;
			files = (
				8622810723C504A3001028D7 /* Models in Resources */,
				862280F923C4EE7A001028D7 /* LaunchScreen.storyboard in Resources */,
				8622810B23C504C0001028D7 /* Controllers in Resources */,
				8622810523C502D8001028D7 /* GoogleService-Info.plist in Resources */,
				862280F423C4EE77001028D7 /* Main.storyboard in Resources */,
				8622810123C4F1B9001028D7 /* Red_Hat_Display in Resources */,
				8606411923DDF1D300F04ACD /* Assets.xcassets in Resources */,
				8622810923C504B2001028D7 /* Views in Resources */,
			);
			runOnlyForDeploymentPostprocessing = 0;
		};
/* End PBXResourcesBuildPhase section */

/* Begin PBXShellScriptBuildPhase section */
		7FA625B1DAAC682B90622A0A /* [CP] Embed Pods Frameworks */ = {
			isa = PBXShellScriptBuildPhase;
			buildActionMask = 2147483647;
			files = (
			);
			inputFileListPaths = (
				"${PODS_ROOT}/Target Support Files/Pods-HeadCountUser/Pods-HeadCountUser-frameworks-${CONFIGURATION}-input-files.xcfilelist",
			);
			name = "[CP] Embed Pods Frameworks";
			outputFileListPaths = (
				"${PODS_ROOT}/Target Support Files/Pods-HeadCountUser/Pods-HeadCountUser-frameworks-${CONFIGURATION}-output-files.xcfilelist",
			);
			runOnlyForDeploymentPostprocessing = 0;
			shellPath = /bin/sh;
			shellScript = "\"${PODS_ROOT}/Target Support Files/Pods-HeadCountUser/Pods-HeadCountUser-frameworks.sh\"\n";
			showEnvVarsInLog = 0;
		};
		C0FE85BBC0894E3437810110 /* [CP] Check Pods Manifest.lock */ = {
			isa = PBXShellScriptBuildPhase;
			buildActionMask = 2147483647;
			files = (
			);
			inputFileListPaths = (
			);
			inputPaths = (
				"${PODS_PODFILE_DIR_PATH}/Podfile.lock",
				"${PODS_ROOT}/Manifest.lock",
			);
			name = "[CP] Check Pods Manifest.lock";
			outputFileListPaths = (
			);
			outputPaths = (
				"$(DERIVED_FILE_DIR)/Pods-HeadCountUser-checkManifestLockResult.txt",
			);
			runOnlyForDeploymentPostprocessing = 0;
			shellPath = /bin/sh;
			shellScript = "diff \"${PODS_PODFILE_DIR_PATH}/Podfile.lock\" \"${PODS_ROOT}/Manifest.lock\" > /dev/null\nif [ $? != 0 ] ; then\n    # print error to STDERR\n    echo \"error: The sandbox is not in sync with the Podfile.lock. Run 'pod install' or update your CocoaPods installation.\" >&2\n    exit 1\nfi\n# This output is used by Xcode 'outputs' to avoid re-running this script phase.\necho \"SUCCESS\" > \"${SCRIPT_OUTPUT_FILE_0}\"\n";
			showEnvVarsInLog = 0;
		};
		CB202D577D6AEAD37DC47E79 /* [CP] Copy Pods Resources */ = {
			isa = PBXShellScriptBuildPhase;
			buildActionMask = 2147483647;
			files = (
			);
			inputFileListPaths = (
				"${PODS_ROOT}/Target Support Files/Pods-HeadCountUser/Pods-HeadCountUser-resources-${CONFIGURATION}-input-files.xcfilelist",
			);
			name = "[CP] Copy Pods Resources";
			outputFileListPaths = (
				"${PODS_ROOT}/Target Support Files/Pods-HeadCountUser/Pods-HeadCountUser-resources-${CONFIGURATION}-output-files.xcfilelist",
			);
			runOnlyForDeploymentPostprocessing = 0;
			shellPath = /bin/sh;
			shellScript = "\"${PODS_ROOT}/Target Support Files/Pods-HeadCountUser/Pods-HeadCountUser-resources.sh\"\n";
			showEnvVarsInLog = 0;
		};
/* End PBXShellScriptBuildPhase section */

/* Begin PBXSourcesBuildPhase section */
		862280E523C4EE77001028D7 /* Sources */ = {
			isa = PBXSourcesBuildPhase;
			buildActionMask = 2147483647;
			files = (
				8606411B23E581D700F04ACD /* user.swift in Sources */,
				8606412123E59E1A00F04ACD /* chirpService.swift in Sources */,
				862280F123C4EE77001028D7 /* ViewController.swift in Sources */,
				8606412323E5C02F00F04ACD /* SomethingWrongViewController.swift in Sources */,
				862280ED23C4EE77001028D7 /* AppDelegate.swift in Sources */,
				862280EF23C4EE77001028D7 /* SceneDelegate.swift in Sources */,
				8606412523E5EFA600F04ACD /* MarkAttendanceViewController.swift in Sources */,
				8606411D23E581E500F04ACD /* SignUpViewController.swift in Sources */,
				8606412723E6495B00F04ACD /* LoginViewController.swift in Sources */,
				8606411F23E583F300F04ACD /* ChirpViewController.swift in Sources */,
			);
			runOnlyForDeploymentPostprocessing = 0;
		};
/* End PBXSourcesBuildPhase section */

/* Begin PBXVariantGroup section */
		862280F223C4EE77001028D7 /* Main.storyboard */ = {
			isa = PBXVariantGroup;
			children = (
				862280F323C4EE77001028D7 /* Base */,
			);
			name = Main.storyboard;
			sourceTree = "<group>";
		};
		862280F723C4EE7A001028D7 /* LaunchScreen.storyboard */ = {
			isa = PBXVariantGroup;
			children = (
				862280F823C4EE7A001028D7 /* Base */,
			);
			name = LaunchScreen.storyboard;
			sourceTree = "<group>";
		};
/* End PBXVariantGroup section */

/* Begin XCBuildConfiguration section */
		862280FB23C4EE7A001028D7 /* Debug */ = {
			isa = XCBuildConfiguration;
			buildSettings = {
				ALWAYS_SEARCH_USER_PATHS = NO;
				CLANG_ANALYZER_NONNULL = YES;
				CLANG_ANALYZER_NUMBER_OBJECT_CONVERSION = YES_AGGRESSIVE;
				CLANG_CXX_LANGUAGE_STANDARD = "gnu++14";
				CLANG_CXX_LIBRARY = "libc++";
				CLANG_ENABLE_MODULES = YES;
				CLANG_ENABLE_OBJC_ARC = YES;
				CLANG_ENABLE_OBJC_WEAK = YES;
				CLANG_WARN_BLOCK_CAPTURE_AUTORELEASING = YES;
				CLANG_WARN_BOOL_CONVERSION = YES;
				CLANG_WARN_COMMA = YES;
				CLANG_WARN_CONSTANT_CONVERSION = YES;
				CLANG_WARN_DEPRECATED_OBJC_IMPLEMENTATIONS = YES;
				CLANG_WARN_DIRECT_OBJC_ISA_USAGE = YES_ERROR;
				CLANG_WARN_DOCUMENTATION_COMMENTS = YES;
				CLANG_WARN_EMPTY_BODY = YES;
				CLANG_WARN_ENUM_CONVERSION = YES;
				CLANG_WARN_INFINITE_RECURSION = YES;
				CLANG_WARN_INT_CONVERSION = YES;
				CLANG_WARN_NON_LITERAL_NULL_CONVERSION = YES;
				CLANG_WARN_OBJC_IMPLICIT_RETAIN_SELF = YES;
				CLANG_WARN_OBJC_LITERAL_CONVERSION = YES;
				CLANG_WARN_OBJC_ROOT_CLASS = YES_ERROR;
				CLANG_WARN_RANGE_LOOP_ANALYSIS = YES;
				CLANG_WARN_STRICT_PROTOTYPES = YES;
				CLANG_WARN_SUSPICIOUS_MOVE = YES;
				CLANG_WARN_UNGUARDED_AVAILABILITY = YES_AGGRESSIVE;
				CLANG_WARN_UNREACHABLE_CODE = YES;
				CLANG_WARN__DUPLICATE_METHOD_MATCH = YES;
				COPY_PHASE_STRIP = NO;
				DEBUG_INFORMATION_FORMAT = dwarf;
				ENABLE_STRICT_OBJC_MSGSEND = YES;
				ENABLE_TESTABILITY = YES;
				GCC_C_LANGUAGE_STANDARD = gnu11;
				GCC_DYNAMIC_NO_PIC = NO;
				GCC_NO_COMMON_BLOCKS = YES;
				GCC_OPTIMIZATION_LEVEL = 0;
				GCC_PREPROCESSOR_DEFINITIONS = (
					"DEBUG=1",
					"$(inherited)",
				);
				GCC_WARN_64_TO_32_BIT_CONVERSION = YES;
				GCC_WARN_ABOUT_RETURN_TYPE = YES_ERROR;
				GCC_WARN_UNDECLARED_SELECTOR = YES;
				GCC_WARN_UNINITIALIZED_AUTOS = YES_AGGRESSIVE;
				GCC_WARN_UNUSED_FUNCTION = YES;
				GCC_WARN_UNUSED_VARIABLE = YES;
				IPHONEOS_DEPLOYMENT_TARGET = 13.1;
				MTL_ENABLE_DEBUG_INFO = INCLUDE_SOURCE;
				MTL_FAST_MATH = YES;
				ONLY_ACTIVE_ARCH = YES;
				SDKROOT = iphoneos;
				SWIFT_ACTIVE_COMPILATION_CONDITIONS = DEBUG;
				SWIFT_OPTIMIZATION_LEVEL = "-Onone";
			};
			name = Debug;
		};
		862280FC23C4EE7A001028D7 /* Release */ = {
			isa = XCBuildConfiguration;
			buildSettings = {
				ALWAYS_SEARCH_USER_PATHS = NO;
				CLANG_ANALYZER_NONNULL = YES;
				CLANG_ANALYZER_NUMBER_OBJECT_CONVERSION = YES_AGGRESSIVE;
				CLANG_CXX_LANGUAGE_STANDARD = "gnu++14";
				CLANG_CXX_LIBRARY = "libc++";
				CLANG_ENABLE_MODULES = YES;
				CLANG_ENABLE_OBJC_ARC = YES;
				CLANG_ENABLE_OBJC_WEAK = YES;
				CLANG_WARN_BLOCK_CAPTURE_AUTORELEASING = YES;
				CLANG_WARN_BOOL_CONVERSION = YES;
				CLANG_WARN_COMMA = YES;
				CLANG_WARN_CONSTANT_CONVERSION = YES;
				CLANG_WARN_DEPRECATED_OBJC_IMPLEMENTATIONS = YES;
				CLANG_WARN_DIRECT_OBJC_ISA_USAGE = YES_ERROR;
				CLANG_WARN_DOCUMENTATION_COMMENTS = YES;
				CLANG_WARN_EMPTY_BODY = YES;
				CLANG_WARN_ENUM_CONVERSION = YES;
				CLANG_WARN_INFINITE_RECURSION = YES;
				CLANG_WARN_INT_CONVERSION = YES;
				CLANG_WARN_NON_LITERAL_NULL_CONVERSION = YES;
				CLANG_WARN_OBJC_IMPLICIT_RETAIN_SELF = YES;
				CLANG_WARN_OBJC_LITERAL_CONVERSION = YES;
				CLANG_WARN_OBJC_ROOT_CLASS = YES_ERROR;
				CLANG_WARN_RANGE_LOOP_ANALYSIS = YES;
				CLANG_WARN_STRICT_PROTOTYPES = YES;
				CLANG_WARN_SUSPICIOUS_MOVE = YES;
				CLANG_WARN_UNGUARDED_AVAILABILITY = YES_AGGRESSIVE;
				CLANG_WARN_UNREACHABLE_CODE = YES;
				CLANG_WARN__DUPLICATE_METHOD_MATCH = YES;
				COPY_PHASE_STRIP = NO;
				DEBUG_INFORMATION_FORMAT = "dwarf-with-dsym";
				ENABLE_NS_ASSERTIONS = NO;
				ENABLE_STRICT_OBJC_MSGSEND = YES;
				GCC_C_LANGUAGE_STANDARD = gnu11;
				GCC_NO_COMMON_BLOCKS = YES;
				GCC_WARN_64_TO_32_BIT_CONVERSION = YES;
				GCC_WARN_ABOUT_RETURN_TYPE = YES_ERROR;
				GCC_WARN_UNDECLARED_SELECTOR = YES;
				GCC_WARN_UNINITIALIZED_AUTOS = YES_AGGRESSIVE;
				GCC_WARN_UNUSED_FUNCTION = YES;
				GCC_WARN_UNUSED_VARIABLE = YES;
				IPHONEOS_DEPLOYMENT_TARGET = 13.1;
				MTL_ENABLE_DEBUG_INFO = NO;
				MTL_FAST_MATH = YES;
				SDKROOT = iphoneos;
				SWIFT_COMPILATION_MODE = wholemodule;
				SWIFT_OPTIMIZATION_LEVEL = "-O";
				VALIDATE_PRODUCT = YES;
			};
			name = Release;
		};
		862280FE23C4EE7A001028D7 /* Debug */ = {
			isa = XCBuildConfiguration;
			baseConfigurationReference = 9D4B33CF7EFAFE1438A340DE /* Pods-HeadCountUser.debug.xcconfig */;
			buildSettings = {
				ASSETCATALOG_COMPILER_APPICON_NAME = AppIcon;
				CODE_SIGN_STYLE = Automatic;
				DEVELOPMENT_TEAM = 5CZV4M4WF6;
				ENABLE_BITCODE = NO;
				INFOPLIST_FILE = HeadCountUser/Info.plist;
				LD_RUNPATH_SEARCH_PATHS = (
					"$(inherited)",
					"@executable_path/Frameworks",
				);
				PRODUCT_BUNDLE_IDENTIFIER = com.garimabothra.HeadCountUser;
				PRODUCT_NAME = "$(TARGET_NAME)";
				SWIFT_OBJC_BRIDGING_HEADER = "HeadCountUser/HeadCountUser-Bridging-Header.h";
				SWIFT_VERSION = 5.0;
				TARGETED_DEVICE_FAMILY = "1,2";
			};
			name = Debug;
		};
		862280FF23C4EE7A001028D7 /* Release */ = {
			isa = XCBuildConfiguration;
			baseConfigurationReference = DCD6CAD72D3C0DBC6D896089 /* Pods-HeadCountUser.release.xcconfig */;
			buildSettings = {
				ASSETCATALOG_COMPILER_APPICON_NAME = AppIcon;
				CODE_SIGN_STYLE = Automatic;
				DEVELOPMENT_TEAM = 5CZV4M4WF6;
				ENABLE_BITCODE = NO;
				INFOPLIST_FILE = HeadCountUser/Info.plist;
				LD_RUNPATH_SEARCH_PATHS = (
					"$(inherited)",
					"@executable_path/Frameworks",
				);
				PRODUCT_BUNDLE_IDENTIFIER = com.garimabothra.HeadCountUser;
				PRODUCT_NAME = "$(TARGET_NAME)";
				SWIFT_OBJC_BRIDGING_HEADER = "HeadCountUser/HeadCountUser-Bridging-Header.h";
				SWIFT_VERSION = 5.0;
				TARGETED_DEVICE_FAMILY = "1,2";
			};
			name = Release;
		};
/* End XCBuildConfiguration section */

/* Begin XCConfigurationList section */
		862280E423C4EE77001028D7 /* Build configuration list for PBXProject "HeadCountUser" */ = {
			isa = XCConfigurationList;
			buildConfigurations = (
				862280FB23C4EE7A001028D7 /* Debug */,
				862280FC23C4EE7A001028D7 /* Release */,
			);
			defaultConfigurationIsVisible = 0;
			defaultConfigurationName = Release;
		};
		862280FD23C4EE7A001028D7 /* Build configuration list for PBXNativeTarget "HeadCountUser" */ = {
			isa = XCConfigurationList;
			buildConfigurations = (
				862280FE23C4EE7A001028D7 /* Debug */,
				862280FF23C4EE7A001028D7 /* Release */,
			);
			defaultConfigurationIsVisible = 0;
			defaultConfigurationName = Release;
		};
/* End XCConfigurationList section */
	};
	rootObject = 862280E123C4EE77001028D7 /* Project object */;
}
